
Microsoft Visual Studio Solution File, Format Version 12.00
# Visual Studio Version 17
VisualStudioVersion = 17.13.35806.99 d17.13
MinimumVisualStudioVersion = 10.0.40219.1
Project("{FAE04EC0-301F-11D3-BF4B-00C04F79EFBC}") = "Rafaela", "Rafaela\Rafaela.csproj", "{A04D9DED-02BA-459E-A610-4F632EE13CC8}"
EndProject
Global
	GlobalSection(SolutionConfigurationPlatforms) = preSolution
		Debug|Any CPU = Debug|Any CPU
		Release|Any CPU = Release|Any CPU
	EndGlobalSection
	GlobalSection(ProjectConfigurationPlatforms) = postSolution
		{A04D9DED-02BA-459E-A610-4F632EE13CC8}.Debug|Any CPU.ActiveCfg = Debug|Any CPU
		{A04D9DED-02BA-459E-A610-4F632EE13CC8}.Debug|Any CPU.Build.0 = Debug|Any CPU
		{A04D9DED-02BA-459E-A610-4F632EE13CC8}.Release|Any CPU.ActiveCfg = Release|Any CPU
		{A04D9DED-02BA-459E-A610-4F632EE13CC8}.Release|Any CPU.Build.0 = Release|Any CPU
	EndGlobalSection
	GlobalSection(SolutionProperties) = preSolution
		HideSolutionNode = FALSE
	EndGlobalSection
	GlobalSection(ExtensibilityGlobals) = postSolution
		SolutionGuid = {CC4B11BA-9AAA-4007-A974-6B2B976961AF}
	EndGlobalSection
EndGlobal
